
Microsoft Visual Studio Solution File, Format Version 12.00
# Visual Studio Version 16
VisualStudioVersion = 16.0.30804.86
MinimumVisualStudioVersion = 10.0.40219.1
Project("{FAE04EC0-301F-11D3-BF4B-00C04F79EFBC}") = "MarketStoreFinal", "MarketStoreFinal\MarketStoreFinal.csproj", "{D10D5090-F403-4DDF-B4C8-64C375303D20}"
EndProject
Global
	GlobalSection(SolutionConfigurationPlatforms) = preSolution
		Debug|Any CPU = Debug|Any CPU
		Release|Any CPU = Release|Any CPU
	EndGlobalSection
	GlobalSection(ProjectConfigurationPlatforms) = postSolution
		{D10D5090-F403-4DDF-B4C8-64C375303D20}.Debug|Any CPU.ActiveCfg = Debug|Any CPU
		{D10D5090-F403-4DDF-B4C8-64C375303D20}.Debug|Any CPU.Build.0 = Debug|Any CPU
		{D10D5090-F403-4DDF-B4C8-64C375303D20}.Release|Any CPU.ActiveCfg = Release|Any CPU
		{D10D5090-F403-4DDF-B4C8-64C375303D20}.Release|Any CPU.Build.0 = Release|Any CPU
	EndGlobalSection
	GlobalSection(SolutionProperties) = preSolution
		HideSolutionNode = FALSE
	EndGlobalSection
	GlobalSection(ExtensibilityGlobals) = postSolution
		SolutionGuid = {07E166CC-C47A-47B4-A2D3-D4A81D702425}
	EndGlobalSection
EndGlobal
